
Microsoft Visual Studio Solution File, Format Version 12.00
# Visual Studio Version 17
VisualStudioVersion = 17.9.34728.123
MinimumVisualStudioVersion = 10.0.40219.1
Project("{FAE04EC0-301F-11D3-BF4B-00C04F79EFBC}") = "Weaver", "Weaver\Weaver.csproj", "{EC9A47A2-3DB9-4828-AFF6-3CE9D4C57D19}"
EndProject
Global
	GlobalSection(SolutionConfigurationPlatforms) = preSolution
		Debug|Any CPU = Debug|Any CPU
		Release|Any CPU = Release|Any CPU
	EndGlobalSection
	GlobalSection(ProjectConfigurationPlatforms) = postSolution
		{EC9A47A2-3DB9-4828-AFF6-3CE9D4C57D19}.Debug|Any CPU.ActiveCfg = Debug|Any CPU
		{EC9A47A2-3DB9-4828-AFF6-3CE9D4C57D19}.Debug|Any CPU.Build.0 = Debug|Any CPU
		{EC9A47A2-3DB9-4828-AFF6-3CE9D4C57D19}.Release|Any CPU.ActiveCfg = Release|Any CPU
		{EC9A47A2-3DB9-4828-AFF6-3CE9D4C57D19}.Release|Any CPU.Build.0 = Release|Any CPU
	EndGlobalSection
	GlobalSection(SolutionProperties) = preSolution
		HideSolutionNode = FALSE
	EndGlobalSection
	GlobalSection(ExtensibilityGlobals) = postSolution
		SolutionGuid = {298372D4-D6AB-4204-863D-48261EAD5638}
	EndGlobalSection
EndGlobal
